
Microsoft Visual Studio Solution File, Format Version 12.00
# Visual Studio 15
VisualStudioVersion = 15.0.26124.0
MinimumVisualStudioVersion = 15.0.26124.0
Project("{FAE04EC0-301F-11D3-BF4B-00C04F79EFBC}") = "Entity", "..\ParcialDo\PrimerParcialProg\Entity\Entity.csproj", "{B322E1D6-F7DE-4CA5-9738-7E31A9F4C10D}"
EndProject
Project("{FAE04EC0-301F-11D3-BF4B-00C04F79EFBC}") = "DAL", "..\ParcialDo\PrimerParcialProg\DAL\DAL.csproj", "{A9E4D4FB-1944-450F-A6F9-A196DBC3B425}"
EndProject
Project("{FAE04EC0-301F-11D3-BF4B-00C04F79EFBC}") = "Bll", "..\ParcialDo\PrimerParcialProg\Bll\Bll.csproj", "{0A932564-ADA6-4759-B7E5-E83524024496}"
EndProject
Project("{FAE04EC0-301F-11D3-BF4B-00C04F79EFBC}") = "programa", "programa\programa.csproj", "{CA7DEC05-0A87-42EC-8C24-3E2116624FCB}"
EndProject
Project("{FAE04EC0-301F-11D3-BF4B-00C04F79EFBC}") = "Entity", "Entity\Entity.csproj", "{DF289BA6-0FF4-4D58-9592-485646A02D7F}"
EndProject
Project("{FAE04EC0-301F-11D3-BF4B-00C04F79EFBC}") = "DAL", "DAL\DAL.csproj", "{4EDEB2E3-0DF0-4B9B-999B-7A43C9C35985}"
EndProject
Project("{FAE04EC0-301F-11D3-BF4B-00C04F79EFBC}") = "Bll", "Bll\Bll.csproj", "{9A17C972-715B-4F79-A90D-224C16372791}"
EndProject
Global
	GlobalSection(SolutionConfigurationPlatforms) = preSolution
		Debug|Any CPU = Debug|Any CPU
		Debug|x64 = Debug|x64
		Debug|x86 = Debug|x86
		Release|Any CPU = Release|Any CPU
		Release|x64 = Release|x64
		Release|x86 = Release|x86
	EndGlobalSection
	GlobalSection(SolutionProperties) = preSolution
		HideSolutionNode = FALSE
	EndGlobalSection
	GlobalSection(ProjectConfigurationPlatforms) = postSolution
		{B322E1D6-F7DE-4CA5-9738-7E31A9F4C10D}.Debug|Any CPU.ActiveCfg = Debug|Any CPU
		{B322E1D6-F7DE-4CA5-9738-7E31A9F4C10D}.Debug|Any CPU.Build.0 = Debug|Any CPU
		{B322E1D6-F7DE-4CA5-9738-7E31A9F4C10D}.Debug|x64.ActiveCfg = Debug|Any CPU
		{B322E1D6-F7DE-4CA5-9738-7E31A9F4C10D}.Debug|x64.Build.0 = Debug|Any CPU
		{B322E1D6-F7DE-4CA5-9738-7E31A9F4C10D}.Debug|x86.ActiveCfg = Debug|Any CPU
		{B322E1D6-F7DE-4CA5-9738-7E31A9F4C10D}.Debug|x86.Build.0 = Debug|Any CPU
		{B322E1D6-F7DE-4CA5-9738-7E31A9F4C10D}.Release|Any CPU.ActiveCfg = Release|Any CPU
		{B322E1D6-F7DE-4CA5-9738-7E31A9F4C10D}.Release|Any CPU.Build.0 = Release|Any CPU
		{B322E1D6-F7DE-4CA5-9738-7E31A9F4C10D}.Release|x64.ActiveCfg = Release|Any CPU
		{B322E1D6-F7DE-4CA5-9738-7E31A9F4C10D}.Release|x64.Build.0 = Release|Any CPU
		{B322E1D6-F7DE-4CA5-9738-7E31A9F4C10D}.Release|x86.ActiveCfg = Release|Any CPU
		{B322E1D6-F7DE-4CA5-9738-7E31A9F4C10D}.Release|x86.Build.0 = Release|Any CPU
		{A9E4D4FB-1944-450F-A6F9-A196DBC3B425}.Debug|Any CPU.ActiveCfg = Debug|Any CPU
		{A9E4D4FB-1944-450F-A6F9-A196DBC3B425}.Debug|Any CPU.Build.0 = Debug|Any CPU
		{A9E4D4FB-1944-450F-A6F9-A196DBC3B425}.Debug|x64.ActiveCfg = Debug|Any CPU
		{A9E4D4FB-1944-450F-A6F9-A196DBC3B425}.Debug|x64.Build.0 = Debug|Any CPU
		{A9E4D4FB-1944-450F-A6F9-A196DBC3B425}.Debug|x86.ActiveCfg = Debug|Any CPU
		{A9E4D4FB-1944-450F-A6F9-A196DBC3B425}.Debug|x86.Build.0 = Debug|Any CPU
		{A9E4D4FB-1944-450F-A6F9-A196DBC3B425}.Release|Any CPU.ActiveCfg = Release|Any CPU
		{A9E4D4FB-1944-450F-A6F9-A196DBC3B425}.Release|Any CPU.Build.0 = Release|Any CPU
		{A9E4D4FB-1944-450F-A6F9-A196DBC3B425}.Release|x64.ActiveCfg = Release|Any CPU
		{A9E4D4FB-1944-450F-A6F9-A196DBC3B425}.Release|x64.Build.0 = Release|Any CPU
		{A9E4D4FB-1944-450F-A6F9-A196DBC3B425}.Release|x86.ActiveCfg = Release|Any CPU
		{A9E4D4FB-1944-450F-A6F9-A196DBC3B425}.Release|x86.Build.0 = Release|Any CPU
		{0A932564-ADA6-4759-B7E5-E83524024496}.Debug|Any CPU.ActiveCfg = Debug|Any CPU
		{0A932564-ADA6-4759-B7E5-E83524024496}.Debug|Any CPU.Build.0 = Debug|Any CPU
		{0A932564-ADA6-4759-B7E5-E83524024496}.Debug|x64.ActiveCfg = Debug|Any CPU
		{0A932564-ADA6-4759-B7E5-E83524024496}.Debug|x64.Build.0 = Debug|Any CPU
		{0A932564-ADA6-4759-B7E5-E83524024496}.Debug|x86.ActiveCfg = Debug|Any CPU
		{0A932564-ADA6-4759-B7E5-E83524024496}.Debug|x86.Build.0 = Debug|Any CPU
		{0A932564-ADA6-4759-B7E5-E83524024496}.Release|Any CPU.ActiveCfg = Release|Any CPU
		{0A932564-ADA6-4759-B7E5-E83524024496}.Release|Any CPU.Build.0 = Release|Any CPU
		{0A932564-ADA6-4759-B7E5-E83524024496}.Release|x64.ActiveCfg = Release|Any CPU
		{0A932564-ADA6-4759-B7E5-E83524024496}.Release|x64.Build.0 = Release|Any CPU
		{0A932564-ADA6-4759-B7E5-E83524024496}.Release|x86.ActiveCfg = Release|Any CPU
		{0A932564-ADA6-4759-B7E5-E83524024496}.Release|x86.Build.0 = Release|Any CPU
		{CA7DEC05-0A87-42EC-8C24-3E2116624FCB}.Debug|Any CPU.ActiveCfg = Debug|Any CPU
		{CA7DEC05-0A87-42EC-8C24-3E2116624FCB}.Debug|Any CPU.Build.0 = Debug|Any CPU
		{CA7DEC05-0A87-42EC-8C24-3E2116624FCB}.Debug|x64.ActiveCfg = Debug|Any CPU
		{CA7DEC05-0A87-42EC-8C24-3E2116624FCB}.Debug|x64.Build.0 = Debug|Any CPU
		{CA7DEC05-0A87-42EC-8C24-3E2116624FCB}.Debug|x86.ActiveCfg = Debug|Any CPU
		{CA7DEC05-0A87-42EC-8C24-3E2116624FCB}.Debug|x86.Build.0 = Debug|Any CPU
		{CA7DEC05-0A87-42EC-8C24-3E2116624FCB}.Release|Any CPU.ActiveCfg = Release|Any CPU
		{CA7DEC05-0A87-42EC-8C24-3E2116624FCB}.Release|Any CPU.Build.0 = Release|Any CPU
		{CA7DEC05-0A87-42EC-8C24-3E2116624FCB}.Release|x64.ActiveCfg = Release|Any CPU
		{CA7DEC05-0A87-42EC-8C24-3E2116624FCB}.Release|x64.Build.0 = Release|Any CPU
		{CA7DEC05-0A87-42EC-8C24-3E2116624FCB}.Release|x86.ActiveCfg = Release|Any CPU
		{CA7DEC05-0A87-42EC-8C24-3E2116624FCB}.Release|x86.Build.0 = Release|Any CPU
		{DF289BA6-0FF4-4D58-9592-485646A02D7F}.Debug|Any CPU.ActiveCfg = Debug|Any CPU
		{DF289BA6-0FF4-4D58-9592-485646A02D7F}.Debug|Any CPU.Build.0 = Debug|Any CPU
		{DF289BA6-0FF4-4D58-9592-485646A02D7F}.Debug|x64.ActiveCfg = Debug|Any CPU
		{DF289BA6-0FF4-4D58-9592-485646A02D7F}.Debug|x64.Build.0 = Debug|Any CPU
		{DF289BA6-0FF4-4D58-9592-485646A02D7F}.Debug|x86.ActiveCfg = Debug|Any CPU
		{DF289BA6-0FF4-4D58-9592-485646A02D7F}.Debug|x86.Build.0 = Debug|Any CPU
		{DF289BA6-0FF4-4D58-9592-485646A02D7F}.Release|Any CPU.ActiveCfg = Release|Any CPU
		{DF289BA6-0FF4-4D58-9592-485646A02D7F}.Release|Any CPU.Build.0 = Release|Any CPU
		{DF289BA6-0FF4-4D58-9592-485646A02D7F}.Release|x64.ActiveCfg = Release|Any CPU
		{DF289BA6-0FF4-4D58-9592-485646A02D7F}.Release|x64.Build.0 = Release|Any CPU
		{DF289BA6-0FF4-4D58-9592-485646A02D7F}.Release|x86.ActiveCfg = Release|Any CPU
		{DF289BA6-0FF4-4D58-9592-485646A02D7F}.Release|x86.Build.0 = Release|Any CPU
		{4EDEB2E3-0DF0-4B9B-999B-7A43C9C35985}.Debug|Any CPU.ActiveCfg = Debug|Any CPU
		{4EDEB2E3-0DF0-4B9B-999B-7A43C9C35985}.Debug|Any CPU.Build.0 = Debug|Any CPU
		{4EDEB2E3-0DF0-4B9B-999B-7A43C9C35985}.Debug|x64.ActiveCfg = Debug|Any CPU
		{4EDEB2E3-0DF0-4B9B-999B-7A43C9C35985}.Debug|x64.Build.0 = Debug|Any CPU
		{4EDEB2E3-0DF0-4B9B-999B-7A43C9C35985}.Debug|x86.ActiveCfg = Debug|Any CPU
		{4EDEB2E3-0DF0-4B9B-999B-7A43C9C35985}.Debug|x86.Build.0 = Debug|Any CPU
		{4EDEB2E3-0DF0-4B9B-999B-7A43C9C35985}.Release|Any CPU.ActiveCfg = Release|Any CPU
		{4EDEB2E3-0DF0-4B9B-999B-7A43C9C35985}.Release|Any CPU.Build.0 = Release|Any CPU
		{4EDEB2E3-0DF0-4B9B-999B-7A43C9C35985}.Release|x64.ActiveCfg = Release|Any CPU
		{4EDEB2E3-0DF0-4B9B-999B-7A43C9C35985}.Release|x64.Build.0 = Release|Any CPU
		{4EDEB2E3-0DF0-4B9B-999B-7A43C9C35985}.Release|x86.ActiveCfg = Release|Any CPU
		{4EDEB2E3-0DF0-4B9B-999B-7A43C9C35985}.Release|x86.Build.0 = Release|Any CPU
		{9A17C972-715B-4F79-A90D-224C16372791}.Debug|Any CPU.ActiveCfg = Debug|Any CPU
		{9A17C972-715B-4F79-A90D-224C16372791}.Debug|Any CPU.Build.0 = Debug|Any CPU
		{9A17C972-715B-4F79-A90D-224C16372791}.Debug|x64.ActiveCfg = Debug|Any CPU
		{9A17C972-715B-4F79-A90D-224C16372791}.Debug|x64.Build.0 = Debug|Any CPU
		{9A17C972-715B-4F79-A90D-224C16372791}.Debug|x86.ActiveCfg = Debug|Any CPU
		{9A17C972-715B-4F79-A90D-224C16372791}.Debug|x86.Build.0 = Debug|Any CPU
		{9A17C972-715B-4F79-A90D-224C16372791}.Release|Any CPU.ActiveCfg = Release|Any CPU
		{9A17C972-715B-4F79-A90D-224C16372791}.Release|Any CPU.Build.0 = Release|Any CPU
		{9A17C972-715B-4F79-A90D-224C16372791}.Release|x64.ActiveCfg = Release|Any CPU
		{9A17C972-715B-4F79-A90D-224C16372791}.Release|x64.Build.0 = Release|Any CPU
		{9A17C972-715B-4F79-A90D-224C16372791}.Release|x86.ActiveCfg = Release|Any CPU
		{9A17C972-715B-4F79-A90D-224C16372791}.Release|x86.Build.0 = Release|Any CPU
	EndGlobalSection
EndGlobal
